
Microsoft Visual Studio Solution File, Format Version 12.00
# Visual Studio Version 16
VisualStudioVersion = 16.0.31624.102
MinimumVisualStudioVersion = 10.0.40219.1
Project("{FAE04EC0-301F-11D3-BF4B-00C04F79EFBC}") = "WinAuthSample", "WinAuthSample\WinAuthSample.csproj", "{AB2E206E-8309-4180-9984-6FBE36C75CCC}"
EndProject
Global
	GlobalSection(SolutionConfigurationPlatforms) = preSolution
		Debug|Any CPU = Debug|Any CPU
		Release|Any CPU = Release|Any CPU
	EndGlobalSection
	GlobalSection(ProjectConfigurationPlatforms) = postSolution
		{AB2E206E-8309-4180-9984-6FBE36C75CCC}.Debug|Any CPU.ActiveCfg = Debug|Any CPU
		{AB2E206E-8309-4180-9984-6FBE36C75CCC}.Debug|Any CPU.Build.0 = Debug|Any CPU
		{AB2E206E-8309-4180-9984-6FBE36C75CCC}.Release|Any CPU.ActiveCfg = Release|Any CPU
		{AB2E206E-8309-4180-9984-6FBE36C75CCC}.Release|Any CPU.Build.0 = Release|Any CPU
	EndGlobalSection
	GlobalSection(SolutionProperties) = preSolution
		HideSolutionNode = FALSE
	EndGlobalSection
	GlobalSection(ExtensibilityGlobals) = postSolution
		SolutionGuid = {3D9BB3E3-9A60-436E-AFD6-65E0ED835FB8}
	EndGlobalSection
EndGlobal
